// !$*UTF8*$!
{
	archiveVersion = 1;
	classes = {
	};
	objectVersion = 50;
	objects = {

/* Begin PBXBuildFile section */
		C420067A21B9C3C10051F5F2 /* FourthViewControler.swift in Sources */ = {isa = PBXBuildFile; fileRef = C420067921B9C3C10051F5F2 /* FourthViewControler.swift */; };
		C43E28EA219CC33B003CD41D /* AppDelegate.swift in Sources */ = {isa = PBXBuildFile; fileRef = C43E28E9219CC33B003CD41D /* AppDelegate.swift */; };
		C43E28EC219CC33B003CD41D /* ViewController.swift in Sources */ = {isa = PBXBuildFile; fileRef = C43E28EB219CC33B003CD41D /* ViewController.swift */; };
		C43E28EF219CC33B003CD41D /* Main.storyboard in Resources */ = {isa = PBXBuildFile; fileRef = C43E28ED219CC33B003CD41D /* Main.storyboard */; };
		C43E28F1219CC33F003CD41D /* Assets.xcassets in Resources */ = {isa = PBXBuildFile; fileRef = C43E28F0219CC33F003CD41D /* Assets.xcassets */; };
		C43E28F4219CC33F003CD41D /* LaunchScreen.storyboard in Resources */ = {isa = PBXBuildFile; fileRef = C43E28F2219CC33F003CD41D /* LaunchScreen.storyboard */; };
		C491E2EB219E15B40093661A /* SecondViewControler.swift in Sources */ = {isa = PBXBuildFile; fileRef = C491E2EA219E15B40093661A /* SecondViewControler.swift */; };
		C4AB4A7B21B08A8B009FF59A /* ThrirdViewControler.swift in Sources */ = {isa = PBXBuildFile; fileRef = C4AB4A7A21B08A8B009FF59A /* ThrirdViewControler.swift */; };
/* End PBXBuildFile section */

/* Begin PBXFileReference section */
		C420067921B9C3C10051F5F2 /* FourthViewControler.swift */ = {isa = PBXFileReference; lastKnownFileType = sourcecode.swift; path = FourthViewControler.swift; sourceTree = "<group>"; };
		C43E28E6219CC33B003CD41D /* word play.app */ = {isa = PBXFileReference; explicitFileType = wrapper.application; includeInIndex = 0; path = "word play.app"; sourceTree = BUILT_PRODUCTS_DIR; };
		C43E28E9219CC33B003CD41D /* AppDelegate.swift */ = {isa = PBXFileReference; lastKnownFileType = sourcecode.swift; path = AppDelegate.swift; sourceTree = "<group>"; };
		C43E28EB219CC33B003CD41D /* ViewController.swift */ = {isa = PBXFileReference; lastKnownFileType = sourcecode.swift; path = ViewController.swift; sourceTree = "<group>"; };
		C43E28EE219CC33B003CD41D /* Base */ = {isa = PBXFileReference; lastKnownFileType = file.storyboard; name = Base; path = Base.lproj/Main.storyboard; sourceTree = "<group>"; };
		C43E28F0219CC33F003CD41D /* Assets.xcassets */ = {isa = PBXFileReference; lastKnownFileType = folder.assetcatalog; path = Assets.xcassets; sourceTree = "<group>"; };
		C43E28F3219CC33F003CD41D /* Base */ = {isa = PBXFileReference; lastKnownFileType = file.storyboard; name = Base; path = Base.lproj/LaunchScreen.storyboard; sourceTree = "<group>"; };
		C43E28F5219CC340003CD41D /* Info.plist */ = {isa = PBXFileReference; lastKnownFileType = text.plist.xml; path = Info.plist; sourceTree = "<group>"; };
		C491E2EA219E15B40093661A /* SecondViewControler.swift */ = {isa = PBXFileReference; lastKnownFileType = sourcecode.swift; path = SecondViewControler.swift; sourceTree = "<group>"; };
		C4AB4A7A21B08A8B009FF59A /* ThrirdViewControler.swift */ = {isa = PBXFileReference; lastKnownFileType = sourcecode.swift; path = ThrirdViewControler.swift; sourceTree = "<group>"; };
/* End PBXFileReference section */

/* Begin PBXFrameworksBuildPhase section */
		C43E28E3219CC33B003CD41D /* Frameworks */ = {
			isa = PBXFrameworksBuildPhase;
			buildActionMask = 2147483647;
			files = (
			);
			runOnlyForDeploymentPostprocessing = 0;
		};
/* End PBXFrameworksBuildPhase section */

/* Begin PBXGroup section */
		C43E28DD219CC33B003CD41D = {
			isa = PBXGroup;
			children = (
				C43E28E8219CC33B003CD41D /* word play */,
				C43E28E7219CC33B003CD41D /* Products */,
			);
			sourceTree = "<group>";
		};
		C43E28E7219CC33B003CD41D /* Products */ = {
			isa = PBXGroup;
			children = (
				C43E28E6219CC33B003CD41D /* word play.app */,
			);
			name = Products;
			sourceTree = "<group>";
		};
		C43E28E8219CC33B003CD41D /* word play */ = {
			isa = PBXGroup;
			children = (
				C420067921B9C3C10051F5F2 /* FourthViewControler.swift */,
				C4AB4A7A21B08A8B009FF59A /* ThrirdViewControler.swift */,
				C491E2EA219E15B40093661A /* SecondViewControler.swift */,
				C43E28EB219CC33B003CD41D /* ViewController.swift */,
				C43E28E9219CC33B003CD41D /* AppDelegate.swift */,
				C43E28ED219CC33B003CD41D /* Main.storyboard */,
				C43E28F0219CC33F003CD41D /* Assets.xcassets */,
				C43E28F2219CC33F003CD41D /* LaunchScreen.storyboard */,
				C43E28F5219CC340003CD41D /* Info.plist */,
			);
			path = "word play";
			sourceTree = "<group>";
		};
/* End PBXGroup section */

/* Begin PBXNativeTarget section */
		C43E28E5219CC33B003CD41D /* word play */ = {
			isa = PBXNativeTarget;
			buildConfigurationList = C43E28F8219CC340003CD41D /* Build configuration list for PBXNativeTarget "word play" */;
			buildPhases = (
				C43E28E2219CC33B003CD41D /* Sources */,
				C43E28E3219CC33B003CD41D /* Frameworks */,
				C43E28E4219CC33B003CD41D /* Resources */,
			);
			buildRules = (
			);
			dependencies = (
			);
			name = "word play";
			productName = "word play";
			productReference = C43E28E6219CC33B003CD41D /* word play.app */;
			productType = "com.apple.product-type.application";
		};
/* End PBXNativeTarget section */

/* Begin PBXProject section */
		C43E28DE219CC33B003CD41D /* Project object */ = {
			isa = PBXProject;
			attributes = {
				LastSwiftUpdateCheck = 1010;
				LastUpgradeCheck = 1010;
				ORGANIZATIONNAME = "john hersey high school";
				TargetAttributes = {
					C43E28E5219CC33B003CD41D = {
						CreatedOnToolsVersion = 10.1;
					};
				};
			};
			buildConfigurationList = C43E28E1219CC33B003CD41D /* Build configuration list for PBXProject "word play" */;
			compatibilityVersion = "Xcode 9.3";
			developmentRegion = en;
			hasScannedForEncodings = 0;
			knownRegions = (
				en,
				Base,
			);
			mainGroup = C43E28DD219CC33B003CD41D;
			productRefGroup = C43E28E7219CC33B003CD41D /* Products */;
			projectDirPath = "";
			projectRoot = "";
			targets = (
				C43E28E5219CC33B003CD41D /* word play */,
			);
		};
/* End PBXProject section */

/* Begin PBXResourcesBuildPhase section */
		C43E28E4219CC33B003CD41D /* Resources */ = {
			isa = PBXResourcesBuildPhase;
			buildActionMask = 2147483647;
			files = (
				C43E28F4219CC33F003CD41D /* LaunchScreen.storyboard in Resources */,
				C43E28F1219CC33F003CD41D /* Assets.xcassets in Resources */,
				C43E28EF219CC33B003CD41D /* Main.storyboard in Resources */,
			);
			runOnlyForDeploymentPostprocessing = 0;
		};
/* End PBXResourcesBuildPhase section */

/* Begin PBXSourcesBuildPhase section */
		C43E28E2219CC33B003CD41D /* Sources */ = {
			isa = PBXSourcesBuildPhase;
			buildActionMask = 2147483647;
			files = (
				C420067A21B9C3C10051F5F2 /* FourthViewControler.swift in Sources */,
				C4AB4A7B21B08A8B009FF59A /* ThrirdViewControler.swift in Sources */,
				C491E2EB219E15B40093661A /* SecondViewControler.swift in Sources */,
				C43E28EC219CC33B003CD41D /* ViewController.swift in Sources */,
				C43E28EA219CC33B003CD41D /* AppDelegate.swift in Sources */,
			);
			runOnlyForDeploymentPostprocessing = 0;
		};
/* End PBXSourcesBuildPhase section */

/* Begin PBXVariantGroup section */
		C43E28ED219CC33B003CD41D /* Main.storyboard */ = {
			isa = PBXVariantGroup;
			children = (
				C43E28EE219CC33B003CD41D /* Base */,
			);
			name = Main.storyboard;
			sourceTree = "<group>";
		};
		C43E28F2219CC33F003CD41D /* LaunchScreen.storyboard */ = {
			isa = PBXVariantGroup;
			children = (
				C43E28F3219CC33F003CD41D /* Base */,
			);
			name = LaunchScreen.storyboard;
			sourceTree = "<group>";
		};
/* End PBXVariantGroup section */

/* Begin XCBuildConfiguration section */
		C43E28F6219CC340003CD41D /* Debug */ = {
			isa = XCBuildConfiguration;
			buildSettings = {
				ALWAYS_SEARCH_USER_PATHS = NO;
				CLANG_ANALYZER_NONNULL = YES;
				CLANG_ANALYZER_NUMBER_OBJECT_CONVERSION = YES_AGGRESSIVE;
				CLANG_CXX_LANGUAGE_STANDARD = "gnu++14";
				CLANG_CXX_LIBRARY = "libc++";
				CLANG_ENABLE_MODULES = YES;
				CLANG_ENABLE_OBJC_ARC = YES;
				CLANG_ENABLE_OBJC_WEAK = YES;
				CLANG_WARN_BLOCK_CAPTURE_AUTORELEASING = YES;
				CLANG_WARN_BOOL_CONVERSION = YES;
				CLANG_WARN_COMMA = YES;
				CLANG_WARN_CONSTANT_CONVERSION = YES;
				CLANG_WARN_DEPRECATED_OBJC_IMPLEMENTATIONS = YES;
				CLANG_WARN_DIRECT_OBJC_ISA_USAGE = YES_ERROR;
				CLANG_WARN_DOCUMENTATION_COMMENTS = YES;
				CLANG_WARN_EMPTY_BODY = YES;
				CLANG_WARN_ENUM_CONVERSION = YES;
				CLANG_WARN_INFINITE_RECURSION = YES;
				CLANG_WARN_INT_CONVERSION = YES;
				CLANG_WARN_NON_LITERAL_NULL_CONVERSION = YES;
				CLANG_WARN_OBJC_IMPLICIT_RETAIN_SELF = YES;
				CLANG_WARN_OBJC_LITERAL_CONVERSION = YES;
				CLANG_WARN_OBJC_ROOT_CLASS = YES_ERROR;
				CLANG_WARN_RANGE_LOOP_ANALYSIS = YES;
				CLANG_WARN_STRICT_PROTOTYPES = YES;
				CLANG_WARN_SUSPICIOUS_MOVE = YES;
				CLANG_WARN_UNGUARDED_AVAILABILITY = YES_AGGRESSIVE;
				CLANG_WARN_UNREACHABLE_CODE = YES;
				CLANG_WARN__DUPLICATE_METHOD_MATCH = YES;
				CODE_SIGN_IDENTITY = "iPhone Developer";
				COPY_PHASE_STRIP = NO;
				DEBUG_INFORMATION_FORMAT = dwarf;
				ENABLE_STRICT_OBJC_MSGSEND = YES;
				ENABLE_TESTABILITY = YES;
				GCC_C_LANGUAGE_STANDARD = gnu11;
				GCC_DYNAMIC_NO_PIC = NO;
				GCC_NO_COMMON_BLOCKS = YES;
				GCC_OPTIMIZATION_LEVEL = 0;
				GCC_PREPROCESSOR_DEFINITIONS = (
					"DEBUG=1",
					"$(inherited)",
				);
				GCC_WARN_64_TO_32_BIT_CONVERSION = YES;
				GCC_WARN_ABOUT_RETURN_TYPE = YES_ERROR;
				GCC_WARN_UNDECLARED_SELECTOR = YES;
				GCC_WARN_UNINITIALIZED_AUTOS = YES_AGGRESSIVE;
				GCC_WARN_UNUSED_FUNCTION = YES;
				GCC_WARN_UNUSED_VARIABLE = YES;
				IPHONEOS_DEPLOYMENT_TARGET = 12.1;
				MTL_ENABLE_DEBUG_INFO = INCLUDE_SOURCE;
				MTL_FAST_MATH = YES;
				ONLY_ACTIVE_ARCH = YES;
				SDKROOT = iphoneos;
				SWIFT_ACTIVE_COMPILATION_CONDITIONS = DEBUG;
				SWIFT_OPTIMIZATION_LEVEL = "-Onone";
			};
			name = Debug;
		};
		C43E28F7219CC340003CD41D /* Release */ = {
			isa = XCBuildConfiguration;
			buildSettings = {
				ALWAYS_SEARCH_USER_PATHS = NO;
				CLANG_ANALYZER_NONNULL = YES;
				CLANG_ANALYZER_NUMBER_OBJECT_CONVERSION = YES_AGGRESSIVE;
				CLANG_CXX_LANGUAGE_STANDARD = "gnu++14";
				CLANG_CXX_LIBRARY = "libc++";
				CLANG_ENABLE_MODULES = YES;
				CLANG_ENABLE_OBJC_ARC = YES;
				CLANG_ENABLE_OBJC_WEAK = YES;
				CLANG_WARN_BLOCK_CAPTURE_AUTORELEASING = YES;
				CLANG_WARN_BOOL_CONVERSION = YES;
				CLANG_WARN_COMMA = YES;
				CLANG_WARN_CONSTANT_CONVERSION = YES;
				CLANG_WARN_DEPRECATED_OBJC_IMPLEMENTATIONS = YES;
				CLANG_WARN_DIRECT_OBJC_ISA_USAGE = YES_ERROR;
				CLANG_WARN_DOCUMENTATION_COMMENTS = YES;
				CLANG_WARN_EMPTY_BODY = YES;
				CLANG_WARN_ENUM_CONVERSION = YES;
				CLANG_WARN_INFINITE_RECURSION = YES;
				CLANG_WARN_INT_CONVERSION = YES;
				CLANG_WARN_NON_LITERAL_NULL_CONVERSION = YES;
				CLANG_WARN_OBJC_IMPLICIT_RETAIN_SELF = YES;
				CLANG_WARN_OBJC_LITERAL_CONVERSION = YES;
				CLANG_WARN_OBJC_ROOT_CLASS = YES_ERROR;
				CLANG_WARN_RANGE_LOOP_ANALYSIS = YES;
				CLANG_WARN_STRICT_PROTOTYPES = YES;
				CLANG_WARN_SUSPICIOUS_MOVE = YES;
				CLANG_WARN_UNGUARDED_AVAILABILITY = YES_AGGRESSIVE;
				CLANG_WARN_UNREACHABLE_CODE = YES;
				CLANG_WARN__DUPLICATE_METHOD_MATCH = YES;
				CODE_SIGN_IDENTITY = "iPhone Developer";
				COPY_PHASE_STRIP = NO;
				DEBUG_INFORMATION_FORMAT = "dwarf-with-dsym";
				ENABLE_NS_ASSERTIONS = NO;
				ENABLE_STRICT_OBJC_MSGSEND = YES;
				GCC_C_LANGUAGE_STANDARD = gnu11;
				GCC_NO_COMMON_BLOCKS = YES;
				GCC_WARN_64_TO_32_BIT_CONVERSION = YES;
				GCC_WARN_ABOUT_RETURN_TYPE = YES_ERROR;
				GCC_WARN_UNDECLARED_SELECTOR = YES;
				GCC_WARN_UNINITIALIZED_AUTOS = YES_AGGRESSIVE;
				GCC_WARN_UNUSED_FUNCTION = YES;
				GCC_WARN_UNUSED_VARIABLE = YES;
				IPHONEOS_DEPLOYMENT_TARGET = 12.1;
				MTL_ENABLE_DEBUG_INFO = NO;
				MTL_FAST_MATH = YES;
				SDKROOT = iphoneos;
				SWIFT_COMPILATION_MODE = wholemodule;
				SWIFT_OPTIMIZATION_LEVEL = "-O";
				VALIDATE_PRODUCT = YES;
			};
			name = Release;
		};
		C43E28F9219CC340003CD41D /* Debug */ = {
			isa = XCBuildConfiguration;
			buildSettings = {
				ASSETCATALOG_COMPILER_APPICON_NAME = AppIcon;
				CODE_SIGN_STYLE = Automatic;
				DEVELOPMENT_TEAM = 4YQ2953637;
				INFOPLIST_FILE = "word play/Info.plist";
				LD_RUNPATH_SEARCH_PATHS = (
					"$(inherited)",
					"@executable_path/Frameworks",
				);
				PRODUCT_BUNDLE_IDENTIFIER = "org.d214.jhhs.622299.word-play";
				PRODUCT_NAME = "$(TARGET_NAME)";
				SWIFT_VERSION = 4.2;
				TARGETED_DEVICE_FAMILY = "1,2";
			};
			name = Debug;
		};
		C43E28FA219CC340003CD41D /* Release */ = {
			isa = XCBuildConfiguration;
			buildSettings = {
				ASSETCATALOG_COMPILER_APPICON_NAME = AppIcon;
				CODE_SIGN_STYLE = Automatic;
				DEVELOPMENT_TEAM = 4YQ2953637;
				INFOPLIST_FILE = "word play/Info.plist";
				LD_RUNPATH_SEARCH_PATHS = (
					"$(inherited)",
					"@executable_path/Frameworks",
				);
				PRODUCT_BUNDLE_IDENTIFIER = "org.d214.jhhs.622299.word-play";
				PRODUCT_NAME = "$(TARGET_NAME)";
				SWIFT_VERSION = 4.2;
				TARGETED_DEVICE_FAMILY = "1,2";
			};
			name = Release;
		};
/* End XCBuildConfiguration section */

/* Begin XCConfigurationList section */
		C43E28E1219CC33B003CD41D /* Build configuration list for PBXProject "word play" */ = {
			isa = XCConfigurationList;
			buildConfigurations = (
				C43E28F6219CC340003CD41D /* Debug */,
				C43E28F7219CC340003CD41D /* Release */,
			);
			defaultConfigurationIsVisible = 0;
			defaultConfigurationName = Release;
		};
		C43E28F8219CC340003CD41D /* Build configuration list for PBXNativeTarget "word play" */ = {
			isa = XCConfigurationList;
			buildConfigurations = (
				C43E28F9219CC340003CD41D /* Debug */,
				C43E28FA219CC340003CD41D /* Release */,
			);
			defaultConfigurationIsVisible = 0;
			defaultConfigurationName = Release;
		};
/* End XCConfigurationList section */
	};
	rootObject = C43E28DE219CC33B003CD41D /* Project object */;
}
